
Microsoft Visual Studio Solution File, Format Version 12.00
# Visual Studio Version 16
VisualStudioVersion = 16.0.32002.261
MinimumVisualStudioVersion = 10.0.40219.1
Project("{FAE04EC0-301F-11D3-BF4B-00C04F79EFBC}") = "HRManagement.UI", "HRManagement.UI\HRManagement.UI.csproj", "{AB8D093B-A7BA-44E6-940E-CA8A548CA960}"
EndProject
Global
	GlobalSection(SolutionConfigurationPlatforms) = preSolution
		Debug|Any CPU = Debug|Any CPU
		Release|Any CPU = Release|Any CPU
	EndGlobalSection
	GlobalSection(ProjectConfigurationPlatforms) = postSolution
		{AB8D093B-A7BA-44E6-940E-CA8A548CA960}.Debug|Any CPU.ActiveCfg = Debug|Any CPU
		{AB8D093B-A7BA-44E6-940E-CA8A548CA960}.Debug|Any CPU.Build.0 = Debug|Any CPU
		{AB8D093B-A7BA-44E6-940E-CA8A548CA960}.Release|Any CPU.ActiveCfg = Release|Any CPU
		{AB8D093B-A7BA-44E6-940E-CA8A548CA960}.Release|Any CPU.Build.0 = Release|Any CPU
	EndGlobalSection
	GlobalSection(SolutionProperties) = preSolution
		HideSolutionNode = FALSE
	EndGlobalSection
	GlobalSection(ExtensibilityGlobals) = postSolution
		SolutionGuid = {39093F82-4F08-4843-9932-FC8DE04A1290}
	EndGlobalSection
EndGlobal
